// !$*UTF8*$!
{
	archiveVersion = 1;
	classes = {
	};
	objectVersion = 56;
	objects = {

/* Begin PBXBuildFile section */
		63294E4228900733004BAC15 /* URL.swift in Sources */ = {isa = PBXBuildFile; fileRef = 63294E4128900733004BAC15 /* URL.swift */; };
		63294E442890077B004BAC15 /* URLTests.swift in Sources */ = {isa = PBXBuildFile; fileRef = 63294E432890077B004BAC15 /* URLTests.swift */; };
		6372985B288F64A600E8883E /* libCommon.a in Frameworks */ = {isa = PBXBuildFile; fileRef = 63729846288F637900E8883E /* libCommon.a */; };
		63729865288F650900E8883E /* CGPointTests.swift in Sources */ = {isa = PBXBuildFile; fileRef = 63729864288F650900E8883E /* CGPointTests.swift */; };
		63729868288F653600E8883E /* IntTests.swift in Sources */ = {isa = PBXBuildFile; fileRef = 63729867288F653600E8883E /* IntTests.swift */; };
		6372986C288F656000E8883E /* CGPoint.swift in Sources */ = {isa = PBXBuildFile; fileRef = 63729869288F656000E8883E /* CGPoint.swift */; };
		6372986D288F656000E8883E /* CGSize.swift in Sources */ = {isa = PBXBuildFile; fileRef = 6372986A288F656000E8883E /* CGSize.swift */; };
		6372986E288F656000E8883E /* Int.swift in Sources */ = {isa = PBXBuildFile; fileRef = 6372986B288F656000E8883E /* Int.swift */; };
		63729875288FE08200E8883E /* SKNode.swift in Sources */ = {isa = PBXBuildFile; fileRef = 63729874288FE08200E8883E /* SKNode.swift */; };
		63729877288FE42200E8883E /* NSImage.swift in Sources */ = {isa = PBXBuildFile; fileRef = 63729876288FE42200E8883E /* NSImage.swift */; };
		63729879288FE5F100E8883E /* UIColor.swift in Sources */ = {isa = PBXBuildFile; fileRef = 63729878288FE5F100E8883E /* UIColor.swift */; };
		6372987B288FF0AB00E8883E /* SKNodeTests.swift in Sources */ = {isa = PBXBuildFile; fileRef = 6372987A288FF0AB00E8883E /* SKNodeTests.swift */; };
/* End PBXBuildFile section */

/* Begin PBXContainerItemProxy section */
		6372985C288F64A600E8883E /* PBXContainerItemProxy */ = {
			isa = PBXContainerItemProxy;
			containerPortal = 6372983E288F637900E8883E /* Project object */;
			proxyType = 1;
			remoteGlobalIDString = 63729845288F637900E8883E;
			remoteInfo = Common;
		};
/* End PBXContainerItemProxy section */

/* Begin PBXFileReference section */
		63294E4128900733004BAC15 /* URL.swift */ = {isa = PBXFileReference; fileEncoding = 4; lastKnownFileType = sourcecode.swift; path = URL.swift; sourceTree = "<group>"; };
		63294E432890077B004BAC15 /* URLTests.swift */ = {isa = PBXFileReference; lastKnownFileType = sourcecode.swift; path = URLTests.swift; sourceTree = "<group>"; };
		63729846288F637900E8883E /* libCommon.a */ = {isa = PBXFileReference; explicitFileType = archive.ar; includeInIndex = 0; path = libCommon.a; sourceTree = BUILT_PRODUCTS_DIR; };
		63729857288F64A600E8883E /* CommonTests.xctest */ = {isa = PBXFileReference; explicitFileType = wrapper.cfbundle; includeInIndex = 0; path = CommonTests.xctest; sourceTree = BUILT_PRODUCTS_DIR; };
		63729864288F650900E8883E /* CGPointTests.swift */ = {isa = PBXFileReference; fileEncoding = 4; lastKnownFileType = sourcecode.swift; path = CGPointTests.swift; sourceTree = "<group>"; };
		63729867288F653600E8883E /* IntTests.swift */ = {isa = PBXFileReference; fileEncoding = 4; lastKnownFileType = sourcecode.swift; path = IntTests.swift; sourceTree = "<group>"; };
		63729869288F656000E8883E /* CGPoint.swift */ = {isa = PBXFileReference; fileEncoding = 4; lastKnownFileType = sourcecode.swift; path = CGPoint.swift; sourceTree = "<group>"; };
		6372986A288F656000E8883E /* CGSize.swift */ = {isa = PBXFileReference; fileEncoding = 4; lastKnownFileType = sourcecode.swift; path = CGSize.swift; sourceTree = "<group>"; };
		6372986B288F656000E8883E /* Int.swift */ = {isa = PBXFileReference; fileEncoding = 4; lastKnownFileType = sourcecode.swift; path = Int.swift; sourceTree = "<group>"; };
		63729874288FE08200E8883E /* SKNode.swift */ = {isa = PBXFileReference; fileEncoding = 4; lastKnownFileType = sourcecode.swift; path = SKNode.swift; sourceTree = "<group>"; };
		63729876288FE42200E8883E /* NSImage.swift */ = {isa = PBXFileReference; lastKnownFileType = sourcecode.swift; path = NSImage.swift; sourceTree = "<group>"; };
		63729878288FE5F100E8883E /* UIColor.swift */ = {isa = PBXFileReference; lastKnownFileType = sourcecode.swift; path = UIColor.swift; sourceTree = "<group>"; };
		6372987A288FF0AB00E8883E /* SKNodeTests.swift */ = {isa = PBXFileReference; lastKnownFileType = sourcecode.swift; path = SKNodeTests.swift; sourceTree = "<group>"; };
/* End PBXFileReference section */

/* Begin PBXFrameworksBuildPhase section */
		63729844288F637900E8883E /* Frameworks */ = {
			isa = PBXFrameworksBuildPhase;
			buildActionMask = 2147483647;
			files = (
			);
			runOnlyForDeploymentPostprocessing = 0;
		};
		63729854288F64A600E8883E /* Frameworks */ = {
			isa = PBXFrameworksBuildPhase;
			buildActionMask = 2147483647;
			files = (
				6372985B288F64A600E8883E /* libCommon.a in Frameworks */,
			);
			runOnlyForDeploymentPostprocessing = 0;
		};
/* End PBXFrameworksBuildPhase section */

/* Begin PBXGroup section */
		6372983D288F637900E8883E = {
			isa = PBXGroup;
			children = (
				63729861288F64BD00E8883E /* Common */,
				63729858288F64A600E8883E /* CommonTests */,
				63729847288F637900E8883E /* Products */,
			);
			sourceTree = "<group>";
		};
		63729847288F637900E8883E /* Products */ = {
			isa = PBXGroup;
			children = (
				63729846288F637900E8883E /* libCommon.a */,
				63729857288F64A600E8883E /* CommonTests.xctest */,
			);
			name = Products;
			sourceTree = "<group>";
		};
		63729858288F64A600E8883E /* CommonTests */ = {
			isa = PBXGroup;
			children = (
				63729872288FE01800E8883E /* SpriteKit */,
				63729873288FE02300E8883E /* Support & Helpers */,
				63729866288F651A00E8883E /* Extensions */,
			);
			path = CommonTests;
			sourceTree = "<group>";
		};
		63729861288F64BD00E8883E /* Common */ = {
			isa = PBXGroup;
			children = (
				63729871288FDFDE00E8883E /* SpriteKit */,
				63729870288FDF7300E8883E /* Support & Helpers */,
				6372986F288F657200E8883E /* Extensions */,
			);
			path = Common;
			sourceTree = "<group>";
		};
		63729866288F651A00E8883E /* Extensions */ = {
			isa = PBXGroup;
			children = (
				63729864288F650900E8883E /* CGPointTests.swift */,
				63729867288F653600E8883E /* IntTests.swift */,
				63294E432890077B004BAC15 /* URLTests.swift */,
			);
			name = Extensions;
			sourceTree = "<group>";
		};
		6372986F288F657200E8883E /* Extensions */ = {
			isa = PBXGroup;
			children = (
				6372986B288F656000E8883E /* Int.swift */,
				63729869288F656000E8883E /* CGPoint.swift */,
				6372986A288F656000E8883E /* CGSize.swift */,
				63729876288FE42200E8883E /* NSImage.swift */,
				63294E4128900733004BAC15 /* URL.swift */,
			);
			path = Extensions;
			sourceTree = "<group>";
		};
		63729870288FDF7300E8883E /* Support & Helpers */ = {
			isa = PBXGroup;
			children = (
			);
			path = "Support & Helpers";
			sourceTree = "<group>";
		};
		63729871288FDFDE00E8883E /* SpriteKit */ = {
			isa = PBXGroup;
			children = (
				63729874288FE08200E8883E /* SKNode.swift */,
				63729878288FE5F100E8883E /* UIColor.swift */,
			);
			path = SpriteKit;
			sourceTree = "<group>";
		};
		63729872288FE01800E8883E /* SpriteKit */ = {
			isa = PBXGroup;
			children = (
				6372987A288FF0AB00E8883E /* SKNodeTests.swift */,
			);
			name = SpriteKit;
			sourceTree = "<group>";
		};
		63729873288FE02300E8883E /* Support & Helpers */ = {
			isa = PBXGroup;
			children = (
			);
			name = "Support & Helpers";
			sourceTree = "<group>";
		};
/* End PBXGroup section */

/* Begin PBXHeadersBuildPhase section */
		63729842288F637900E8883E /* Headers */ = {
			isa = PBXHeadersBuildPhase;
			buildActionMask = 2147483647;
			files = (
			);
			runOnlyForDeploymentPostprocessing = 0;
		};
/* End PBXHeadersBuildPhase section */

/* Begin PBXNativeTarget section */
		63729845288F637900E8883E /* Common */ = {
			isa = PBXNativeTarget;
			buildConfigurationList = 6372984F288F637900E8883E /* Build configuration list for PBXNativeTarget "Common" */;
			buildPhases = (
				63729842288F637900E8883E /* Headers */,
				63729843288F637900E8883E /* Sources */,
				63729844288F637900E8883E /* Frameworks */,
			);
			buildRules = (
			);
			dependencies = (
			);
			name = Common;
			productName = Common;
			productReference = 63729846288F637900E8883E /* libCommon.a */;
			productType = "com.apple.product-type.library.static";
		};
		63729856288F64A600E8883E /* CommonTests */ = {
			isa = PBXNativeTarget;
			buildConfigurationList = 6372985E288F64A600E8883E /* Build configuration list for PBXNativeTarget "CommonTests" */;
			buildPhases = (
				63729853288F64A600E8883E /* Sources */,
				63729854288F64A600E8883E /* Frameworks */,
				63729855288F64A600E8883E /* Resources */,
			);
			buildRules = (
			);
			dependencies = (
				6372985D288F64A600E8883E /* PBXTargetDependency */,
			);
			name = CommonTests;
			productName = CommonTests;
			productReference = 63729857288F64A600E8883E /* CommonTests.xctest */;
			productType = "com.apple.product-type.bundle.unit-test";
		};
/* End PBXNativeTarget section */

/* Begin PBXProject section */
		6372983E288F637900E8883E /* Project object */ = {
			isa = PBXProject;
			attributes = {
				BuildIndependentTargetsInParallel = 1;
				LastSwiftUpdateCheck = 1400;
				LastUpgradeCheck = 1400;
				TargetAttributes = {
					63729845288F637900E8883E = {
						CreatedOnToolsVersion = 14.0;
					};
					63729856288F64A600E8883E = {
						CreatedOnToolsVersion = 14.0;
					};
				};
			};
			buildConfigurationList = 63729841288F637900E8883E /* Build configuration list for PBXProject "Common" */;
			compatibilityVersion = "Xcode 14.0";
			developmentRegion = en;
			hasScannedForEncodings = 0;
			knownRegions = (
				en,
				Base,
			);
			mainGroup = 6372983D288F637900E8883E;
			productRefGroup = 63729847288F637900E8883E /* Products */;
			projectDirPath = "";
			projectRoot = "";
			targets = (
				63729845288F637900E8883E /* Common */,
				63729856288F64A600E8883E /* CommonTests */,
			);
		};
/* End PBXProject section */

/* Begin PBXResourcesBuildPhase section */
		63729855288F64A600E8883E /* Resources */ = {
			isa = PBXResourcesBuildPhase;
			buildActionMask = 2147483647;
			files = (
			);
			runOnlyForDeploymentPostprocessing = 0;
		};
/* End PBXResourcesBuildPhase section */

/* Begin PBXSourcesBuildPhase section */
		63729843288F637900E8883E /* Sources */ = {
			isa = PBXSourcesBuildPhase;
			buildActionMask = 2147483647;
			files = (
				6372986E288F656000E8883E /* Int.swift in Sources */,
				63729879288FE5F100E8883E /* UIColor.swift in Sources */,
				6372986D288F656000E8883E /* CGSize.swift in Sources */,
				63294E4228900733004BAC15 /* URL.swift in Sources */,
				6372986C288F656000E8883E /* CGPoint.swift in Sources */,
				63729875288FE08200E8883E /* SKNode.swift in Sources */,
				63729877288FE42200E8883E /* NSImage.swift in Sources */,
			);
			runOnlyForDeploymentPostprocessing = 0;
		};
		63729853288F64A600E8883E /* Sources */ = {
			isa = PBXSourcesBuildPhase;
			buildActionMask = 2147483647;
			files = (
				6372987B288FF0AB00E8883E /* SKNodeTests.swift in Sources */,
				63729868288F653600E8883E /* IntTests.swift in Sources */,
				63729865288F650900E8883E /* CGPointTests.swift in Sources */,
				63294E442890077B004BAC15 /* URLTests.swift in Sources */,
			);
			runOnlyForDeploymentPostprocessing = 0;
		};
/* End PBXSourcesBuildPhase section */

/* Begin PBXTargetDependency section */
		6372985D288F64A600E8883E /* PBXTargetDependency */ = {
			isa = PBXTargetDependency;
			target = 63729845288F637900E8883E /* Common */;
			targetProxy = 6372985C288F64A600E8883E /* PBXContainerItemProxy */;
		};
/* End PBXTargetDependency section */

/* Begin XCBuildConfiguration section */
		6372984D288F637900E8883E /* Debug */ = {
			isa = XCBuildConfiguration;
			buildSettings = {
				ALWAYS_SEARCH_USER_PATHS = NO;
				CLANG_ANALYZER_NONNULL = YES;
				CLANG_ANALYZER_NUMBER_OBJECT_CONVERSION = YES_AGGRESSIVE;
				CLANG_CXX_LANGUAGE_STANDARD = "gnu++20";
				CLANG_ENABLE_MODULES = YES;
				CLANG_ENABLE_OBJC_ARC = YES;
				CLANG_ENABLE_OBJC_WEAK = YES;
				CLANG_WARN_BLOCK_CAPTURE_AUTORELEASING = YES;
				CLANG_WARN_BOOL_CONVERSION = YES;
				CLANG_WARN_COMMA = YES;
				CLANG_WARN_CONSTANT_CONVERSION = YES;
				CLANG_WARN_DEPRECATED_OBJC_IMPLEMENTATIONS = YES;
				CLANG_WARN_DIRECT_OBJC_ISA_USAGE = YES_ERROR;
				CLANG_WARN_DOCUMENTATION_COMMENTS = YES;
				CLANG_WARN_EMPTY_BODY = YES;
				CLANG_WARN_ENUM_CONVERSION = YES;
				CLANG_WARN_INFINITE_RECURSION = YES;
				CLANG_WARN_INT_CONVERSION = YES;
				CLANG_WARN_NON_LITERAL_NULL_CONVERSION = YES;
				CLANG_WARN_OBJC_IMPLICIT_RETAIN_SELF = YES;
				CLANG_WARN_OBJC_LITERAL_CONVERSION = YES;
				CLANG_WARN_OBJC_ROOT_CLASS = YES_ERROR;
				CLANG_WARN_QUOTED_INCLUDE_IN_FRAMEWORK_HEADER = YES;
				CLANG_WARN_RANGE_LOOP_ANALYSIS = YES;
				CLANG_WARN_STRICT_PROTOTYPES = YES;
				CLANG_WARN_SUSPICIOUS_MOVE = YES;
				CLANG_WARN_UNGUARDED_AVAILABILITY = YES_AGGRESSIVE;
				CLANG_WARN_UNREACHABLE_CODE = YES;
				CLANG_WARN__DUPLICATE_METHOD_MATCH = YES;
				COPY_PHASE_STRIP = NO;
				DEAD_CODE_STRIPPING = YES;
				DEBUG_INFORMATION_FORMAT = dwarf;
				ENABLE_STRICT_OBJC_MSGSEND = YES;
				ENABLE_TESTABILITY = YES;
				GCC_C_LANGUAGE_STANDARD = gnu11;
				GCC_DYNAMIC_NO_PIC = NO;
				GCC_NO_COMMON_BLOCKS = YES;
				GCC_OPTIMIZATION_LEVEL = 0;
				GCC_PREPROCESSOR_DEFINITIONS = (
					"DEBUG=1",
					"$(inherited)",
				);
				GCC_WARN_64_TO_32_BIT_CONVERSION = YES;
				GCC_WARN_ABOUT_RETURN_TYPE = YES_ERROR;
				GCC_WARN_UNDECLARED_SELECTOR = YES;
				GCC_WARN_UNINITIALIZED_AUTOS = YES_AGGRESSIVE;
				GCC_WARN_UNUSED_FUNCTION = YES;
				GCC_WARN_UNUSED_VARIABLE = YES;
				MACOSX_DEPLOYMENT_TARGET = 12.4;
				MTL_ENABLE_DEBUG_INFO = INCLUDE_SOURCE;
				MTL_FAST_MATH = YES;
				ONLY_ACTIVE_ARCH = YES;
				SDKROOT = macosx;
				SWIFT_VERSION = 5.0;
			};
			name = Debug;
		};
		6372984E288F637900E8883E /* Release */ = {
			isa = XCBuildConfiguration;
			buildSettings = {
				ALWAYS_SEARCH_USER_PATHS = NO;
				CLANG_ANALYZER_NONNULL = YES;
				CLANG_ANALYZER_NUMBER_OBJECT_CONVERSION = YES_AGGRESSIVE;
				CLANG_CXX_LANGUAGE_STANDARD = "gnu++20";
				CLANG_ENABLE_MODULES = YES;
				CLANG_ENABLE_OBJC_ARC = YES;
				CLANG_ENABLE_OBJC_WEAK = YES;
				CLANG_WARN_BLOCK_CAPTURE_AUTORELEASING = YES;
				CLANG_WARN_BOOL_CONVERSION = YES;
				CLANG_WARN_COMMA = YES;
				CLANG_WARN_CONSTANT_CONVERSION = YES;
				CLANG_WARN_DEPRECATED_OBJC_IMPLEMENTATIONS = YES;
				CLANG_WARN_DIRECT_OBJC_ISA_USAGE = YES_ERROR;
				CLANG_WARN_DOCUMENTATION_COMMENTS = YES;
				CLANG_WARN_EMPTY_BODY = YES;
				CLANG_WARN_ENUM_CONVERSION = YES;
				CLANG_WARN_INFINITE_RECURSION = YES;
				CLANG_WARN_INT_CONVERSION = YES;
				CLANG_WARN_NON_LITERAL_NULL_CONVERSION = YES;
				CLANG_WARN_OBJC_IMPLICIT_RETAIN_SELF = YES;
				CLANG_WARN_OBJC_LITERAL_CONVERSION = YES;
				CLANG_WARN_OBJC_ROOT_CLASS = YES_ERROR;
				CLANG_WARN_QUOTED_INCLUDE_IN_FRAMEWORK_HEADER = YES;
				CLANG_WARN_RANGE_LOOP_ANALYSIS = YES;
				CLANG_WARN_STRICT_PROTOTYPES = YES;
				CLANG_WARN_SUSPICIOUS_MOVE = YES;
				CLANG_WARN_UNGUARDED_AVAILABILITY = YES_AGGRESSIVE;
				CLANG_WARN_UNREACHABLE_CODE = YES;
				CLANG_WARN__DUPLICATE_METHOD_MATCH = YES;
				COPY_PHASE_STRIP = NO;
				DEAD_CODE_STRIPPING = YES;
				DEBUG_INFORMATION_FORMAT = "dwarf-with-dsym";
				ENABLE_NS_ASSERTIONS = NO;
				ENABLE_STRICT_OBJC_MSGSEND = YES;
				GCC_C_LANGUAGE_STANDARD = gnu11;
				GCC_NO_COMMON_BLOCKS = YES;
				GCC_WARN_64_TO_32_BIT_CONVERSION = YES;
				GCC_WARN_ABOUT_RETURN_TYPE = YES_ERROR;
				GCC_WARN_UNDECLARED_SELECTOR = YES;
				GCC_WARN_UNINITIALIZED_AUTOS = YES_AGGRESSIVE;
				GCC_WARN_UNUSED_FUNCTION = YES;
				GCC_WARN_UNUSED_VARIABLE = YES;
				MACOSX_DEPLOYMENT_TARGET = 12.4;
				MTL_ENABLE_DEBUG_INFO = NO;
				MTL_FAST_MATH = YES;
				SDKROOT = macosx;
				SWIFT_COMPILATION_MODE = wholemodule;
				SWIFT_VERSION = 5.0;
			};
			name = Release;
		};
		63729850288F637900E8883E /* Debug */ = {
			isa = XCBuildConfiguration;
			buildSettings = {
				CODE_SIGN_STYLE = Automatic;
				DEAD_CODE_STRIPPING = YES;
				DEVELOPMENT_TEAM = G3CB6368Q7;
				EXECUTABLE_PREFIX = lib;
				PRODUCT_NAME = "$(TARGET_NAME)";
				SKIP_INSTALL = YES;
			};
			name = Debug;
		};
		63729851288F637900E8883E /* Release */ = {
			isa = XCBuildConfiguration;
			buildSettings = {
				CODE_SIGN_STYLE = Automatic;
				DEAD_CODE_STRIPPING = YES;
				DEVELOPMENT_TEAM = G3CB6368Q7;
				EXECUTABLE_PREFIX = lib;
				PRODUCT_NAME = "$(TARGET_NAME)";
				SKIP_INSTALL = YES;
			};
			name = Release;
		};
		6372985F288F64A600E8883E /* Debug */ = {
			isa = XCBuildConfiguration;
			buildSettings = {
				ALWAYS_EMBED_SWIFT_STANDARD_LIBRARIES = YES;
				CODE_SIGN_STYLE = Automatic;
				CURRENT_PROJECT_VERSION = 1;
				DEAD_CODE_STRIPPING = YES;
				DEVELOPMENT_TEAM = G3CB6368Q7;
				GENERATE_INFOPLIST_FILE = YES;
				MARKETING_VERSION = 1.0;
				PRODUCT_BUNDLE_IDENTIFIER = us.alphapegasus.CommonTests;
				PRODUCT_NAME = "$(TARGET_NAME)";
				SWIFT_ACTIVE_COMPILATION_CONDITIONS = DEBUG;
				SWIFT_EMIT_LOC_STRINGS = NO;
				SWIFT_OPTIMIZATION_LEVEL = "-Onone";
				SWIFT_VERSION = 5.0;
			};
			name = Debug;
		};
		63729860288F64A600E8883E /* Release */ = {
			isa = XCBuildConfiguration;
			buildSettings = {
				ALWAYS_EMBED_SWIFT_STANDARD_LIBRARIES = YES;
				CODE_SIGN_STYLE = Automatic;
				CURRENT_PROJECT_VERSION = 1;
				DEAD_CODE_STRIPPING = YES;
				DEVELOPMENT_TEAM = G3CB6368Q7;
				GENERATE_INFOPLIST_FILE = YES;
				MARKETING_VERSION = 1.0;
				PRODUCT_BUNDLE_IDENTIFIER = us.alphapegasus.CommonTests;
				PRODUCT_NAME = "$(TARGET_NAME)";
				SWIFT_COMPILATION_MODE = wholemodule;
				SWIFT_EMIT_LOC_STRINGS = NO;
				SWIFT_OPTIMIZATION_LEVEL = "-O";
				SWIFT_VERSION = 5.0;
			};
			name = Release;
		};
/* End XCBuildConfiguration section */

/* Begin XCConfigurationList section */
		63729841288F637900E8883E /* Build configuration list for PBXProject "Common" */ = {
			isa = XCConfigurationList;
			buildConfigurations = (
				6372984D288F637900E8883E /* Debug */,
				6372984E288F637900E8883E /* Release */,
			);
			defaultConfigurationIsVisible = 0;
			defaultConfigurationName = Release;
		};
		6372984F288F637900E8883E /* Build configuration list for PBXNativeTarget "Common" */ = {
			isa = XCConfigurationList;
			buildConfigurations = (
				63729850288F637900E8883E /* Debug */,
				63729851288F637900E8883E /* Release */,
			);
			defaultConfigurationIsVisible = 0;
			defaultConfigurationName = Release;
		};
		6372985E288F64A600E8883E /* Build configuration list for PBXNativeTarget "CommonTests" */ = {
			isa = XCConfigurationList;
			buildConfigurations = (
				6372985F288F64A600E8883E /* Debug */,
				63729860288F64A600E8883E /* Release */,
			);
			defaultConfigurationIsVisible = 0;
			defaultConfigurationName = Release;
		};
/* End XCConfigurationList section */
	};
	rootObject = 6372983E288F637900E8883E /* Project object */;
}
